{
  "name": "wallpaper-comic",
  "version": "1.0.0",
  "lockfileVersion": 1,
  "requires": true,
  "dependencies": {
    "wallpaper": {
      "version": "4.1.0",
      "resolved": "https://registry.npmjs.org/wallpaper/-/wallpaper-4.1.0.tgz",
      "integrity": "sha512-wCgKRoRMXlNHzr0TPGAjcPqmh3yWBOK6AmWWqW9ufZ6x6Ntjj7j+iAhpNtfF8gXNCfppDi3r1KIt5a5ZvWA/CA=="
    }
  }
}
